
Microsoft Visual Studio Solution File, Format Version 12.00
# Visual Studio Version 17
VisualStudioVersion = 17.1.32210.238
MinimumVisualStudioVersion = 10.0.40219.1
Project("{9A19103F-16F7-4668-BE54-9A1E7A4F7556}") = "NEA4", "NEA4\NEA4.csproj", "{34B9F20D-49D4-451C-A3BF-3F96869FE85C}"
EndProject
Project("{54435603-DBB4-11D2-8724-00A0C9A8B90C}") = "MatGrapherSetup", "MatGrapherSetup\MatGrapherSetup.vdproj", "{7E99F470-DA17-411A-A19F-CDC83160E38E}"
EndProject
Global
	GlobalSection(SolutionConfigurationPlatforms) = preSolution
		Debug|Any CPU = Debug|Any CPU
		Release|Any CPU = Release|Any CPU
	EndGlobalSection
	GlobalSection(ProjectConfigurationPlatforms) = postSolution
		{34B9F20D-49D4-451C-A3BF-3F96869FE85C}.Debug|Any CPU.ActiveCfg = Release|Any CPU
		{34B9F20D-49D4-451C-A3BF-3F96869FE85C}.Debug|Any CPU.Build.0 = Release|Any CPU
		{34B9F20D-49D4-451C-A3BF-3F96869FE85C}.Release|Any CPU.ActiveCfg = Release|Any CPU
		{34B9F20D-49D4-451C-A3BF-3F96869FE85C}.Release|Any CPU.Build.0 = Release|Any CPU
		{7E99F470-DA17-411A-A19F-CDC83160E38E}.Debug|Any CPU.ActiveCfg = Release
		{7E99F470-DA17-411A-A19F-CDC83160E38E}.Release|Any CPU.ActiveCfg = Release
	EndGlobalSection
	GlobalSection(SolutionProperties) = preSolution
		HideSolutionNode = FALSE
	EndGlobalSection
	GlobalSection(ExtensibilityGlobals) = postSolution
		SolutionGuid = {26CF1C4D-5825-4E22-AA51-6722C589402D}
	EndGlobalSection
EndGlobal
